
Microsoft Visual Studio Solution File, Format Version 12.00
# Visual Studio Version 16
VisualStudioVersion = 16.0.31019.35
MinimumVisualStudioVersion = 10.0.40219.1
Project("{FAE04EC0-301F-11D3-BF4B-00C04F79EFBC}") = "VectorDistanceCalculation", "VectorDistanceCalculation.csproj", "{59AEE889-59A0-43DB-9ACF-0965590C776D}"
EndProject
Global
	GlobalSection(SolutionConfigurationPlatforms) = preSolution
		Debug|Any CPU = Debug|Any CPU
		Release|Any CPU = Release|Any CPU
	EndGlobalSection
	GlobalSection(ProjectConfigurationPlatforms) = postSolution
		{59AEE889-59A0-43DB-9ACF-0965590C776D}.Debug|Any CPU.ActiveCfg = Debug|Any CPU
		{59AEE889-59A0-43DB-9ACF-0965590C776D}.Debug|Any CPU.Build.0 = Debug|Any CPU
		{59AEE889-59A0-43DB-9ACF-0965590C776D}.Release|Any CPU.ActiveCfg = Release|Any CPU
		{59AEE889-59A0-43DB-9ACF-0965590C776D}.Release|Any CPU.Build.0 = Release|Any CPU
	EndGlobalSection
	GlobalSection(SolutionProperties) = preSolution
		HideSolutionNode = FALSE
	EndGlobalSection
	GlobalSection(ExtensibilityGlobals) = postSolution
		SolutionGuid = {4F3CDFFC-DF47-4D44-85B4-084E434F5C68}
	EndGlobalSection
EndGlobal
